{
    "_readme": [
        "This file locks the dependencies of your project to a known state",
        "Read more about it at https://getcomposer.org/doc/01-basic-usage.md#composer-lock-the-lock-file",
        "This file is @generated automatically"
    ],
    "content-hash": "861262f6144fd198dc989aca957ebf02",
    "packages": [
        {
            "name": "crazy-max/cws-debug",
            "version": "1.10",
            "source": {
                "type": "git",
                "url": "https://github.com/crazy-max/CwsDebug.git",
                "reference": "383dc02c63c1aad50cd6dfc8e0f4e73e868ebb49"
            },
            "dist": {
                "type": "zip",
                "url": "https://api.github.com/repos/crazy-max/CwsDebug/zipball/383dc02c63c1aad50cd6dfc8e0f4e73e868ebb49",
                "reference": "383dc02c63c1aad50cd6dfc8e0f4e73e868ebb49",
                "shasum": ""
            },
            "require": {
                "crazy-max/cws-dump": ">=1.8",
                "php": ">=5.3.0"
            },
            "type": "library",
            "autoload": {
                "psr-0": {
                    "Cws": "lib/"
                }
            },
            "notification-url": "https://packagist.org/downloads/",
            "license": [
                "LGPL"
            ],
            "authors": [
                {
                    "name": "crazy-max",
                    "homepage": "http://www.crazyws.fr/"
                }
            ],
            "description": "PHP class to output additional messages for debug.",
            "homepage": "https://github.com/crazy-max/CwsDebug",
            "keywords": [
                "debug",
                "log",
                "print"
            ],
            "time": "2016-11-28T01:21:25+00:00"
        },
        {
            "name": "crazy-max/cws-dump",
            "version": "dev-master",
            "source": {
                "type": "git",
                "url": "https://github.com/crazy-max/CwsDump.git",
                "reference": "b2dd7f46d56d024375e010904fdde0bdc784a024"
            },
            "dist": {
                "type": "zip",
                "url": "https://api.github.com/repos/crazy-max/CwsDump/zipball/b2dd7f46d56d024375e010904fdde0bdc784a024",
                "reference": "b2dd7f46d56d024375e010904fdde0bdc784a024",
                "shasum": ""
            },
            "require": {
                "php": ">=5.3.0"
            },
            "type": "library",
            "autoload": {
                "psr-0": {
                    "Cws": "lib/"
                },
                "files": [
                    "lib/Cws/CwsDumpHelper.php"
                ]
            },
            "notification-url": "https://packagist.org/downloads/",
            "license": [
                "LGPL"
            ],
            "authors": [
                {
                    "name": "crazy-max",
                    "homepage": "http://www.crazyws.fr/"
                }
            ],
            "description": "PHP class to replace var_dump(), print_r() based on the Xdebug style.",
            "homepage": "https://github.com/crazy-max/CwsDump",
            "keywords": [
                "Xdebug",
                "dump",
                "print_r",
                "var_dump"
            ],
            "time": "2016-11-28T00:44:40+00:00"
        }
    ],
    "packages-dev": [],
    "aliases": [],
    "minimum-stability": "dev",
    "stability-flags": [],
    "prefer-stable": false,
    "prefer-lowest": false,
    "platform": {
        "php": ">=5.4"
    },
    "platform-dev": []
}
